
Microsoft Visual Studio Solution File, Format Version 11.00
# Visual C# Express 2010
Project("{FAE04EC0-301F-11D3-BF4B-00C04F79EFBC}") = "BillKowal-CSP5-Project", "BillKowal-CSP5-Project\BillKowal-CSP5-Project.csproj", "{F2953538-5B9B-4329-9F38-E886F492D007}"
EndProject
Global
	GlobalSection(SolutionConfigurationPlatforms) = preSolution
		Debug|x86 = Debug|x86
		Release|x86 = Release|x86
	EndGlobalSection
	GlobalSection(ProjectConfigurationPlatforms) = postSolution
		{F2953538-5B9B-4329-9F38-E886F492D007}.Debug|x86.ActiveCfg = Debug|x86
		{F2953538-5B9B-4329-9F38-E886F492D007}.Debug|x86.Build.0 = Debug|x86
		{F2953538-5B9B-4329-9F38-E886F492D007}.Release|x86.ActiveCfg = Release|x86
		{F2953538-5B9B-4329-9F38-E886F492D007}.Release|x86.Build.0 = Release|x86
	EndGlobalSection
	GlobalSection(SolutionProperties) = preSolution
		HideSolutionNode = FALSE
	EndGlobalSection
EndGlobal
